<?xml version="1.0" encoding="utf-8"?>
<Project ToolsVersion="4.0" xmlns="http://schemas.microsoft.com/developer/msbuild/2003">
  <ItemGroup>
    <Filter Include="resource">
      <UniqueIdentifier>{715254bc-d70b-4ec5-bf29-467dd3ace079}</UniqueIdentifier>
    </Filter>
    <Filter Include="src">
      <UniqueIdentifier>{bb6c862e-70e9-49d9-81b7-3829a6f50471}</UniqueIdentifier>
    </Filter>
    <Filter Include="win32">
      <UniqueIdentifier>{84a8ebd7-7cf0-47f6-b75e-d441df67da40}</UniqueIdentifier>
    </Filter>
    <Filter Include="resource\game">
      <UniqueIdentifier>{32f52671-9235-4577-9805-be5490e95f23}</UniqueIdentifier>
    </Filter>
    <Filter Include="resource\menu">
      <UniqueIdentifier>{21b88f77-2864-4fc8-bb56-69d2d0e8f566}</UniqueIdentifier>
    </Filter>
  </ItemGroup>
  <ItemGroup>
    <ClCompile Include="main.cpp">
      <Filter>win32</Filter>
    </ClCompile>
    <ClCompile Include="..\Classes\AppDelegate.cpp">
      <Filter>src</Filter>
    </ClCompile>
    <ClCompile Include="..\Classes\GameScene.cpp">
      <Filter>src</Filter>
    </ClCompile>
    <ClCompile Include="..\Classes\MenuScene.cpp">
      <Filter>src</Filter>
    </ClCompile>
  </ItemGroup>
  <ItemGroup>
    <ClInclude Include="main.h">
      <Filter>win32</Filter>
    </ClInclude>
    <ClInclude Include="..\Classes\AppDelegate.h">
      <Filter>src</Filter>
    </ClInclude>
    <ClInclude Include="..\Classes\GameScene.h">
      <Filter>src</Filter>
    </ClInclude>
    <ClInclude Include="..\Classes\MenuScene.h">
      <Filter>src</Filter>
    </ClInclude>
  </ItemGroup>
  <ItemGroup>
    <ResourceCompile Include="game.rc">
      <Filter>resource</Filter>
    </ResourceCompile>
  </ItemGroup>
  <ItemGroup>
    <Image Include="..\Resources\Icon-57.png">
      <Filter>resource</Filter>
    </Image>
    <Image Include="..\Resources\ball.png">
      <Filter>resource</Filter>
    </Image>
    <Image Include="..\Resources\game\card_2.png">
      <Filter>resource\game</Filter>
    </Image>
    <Image Include="..\Resources\game\card_3.png">
      <Filter>resource\game</Filter>
    </Image>
    <Image Include="..\Resources\game\card_4.png">
      <Filter>resource\game</Filter>
    </Image>
    <Image Include="..\Resources\game\card_5.png">
      <Filter>resource\game</Filter>
    </Image>
    <Image Include="..\Resources\game\card_6.png">
      <Filter>resource\game</Filter>
    </Image>
    <Image Include="..\Resources\game\card-back.png">
      <Filter>resource\game</Filter>
    </Image>
    <Image Include="..\Resources\game\game-bg.png">
      <Filter>resource\game</Filter>
    </Image>
    <Image Include="..\Resources\game\o.png">
      <Filter>resource\game</Filter>
    </Image>
    <Image Include="..\Resources\game\x.png">
      <Filter>resource\game</Filter>
    </Image>
    <Image Include="..\Resources\game\card_1.png">
      <Filter>resource\game</Filter>
    </Image>
    <Image Include="..\Resources\menu\menu-bg.png">
      <Filter>resource\menu</Filter>
    </Image>
    <Image Include="..\Resources\menu\option-0.png">
      <Filter>resource\menu</Filter>
    </Image>
    <Image Include="..\Resources\menu\option-1.png">
      <Filter>resource\menu</Filter>
    </Image>
    <Image Include="..\Resources\menu\play-0.png">
      <Filter>resource\menu</Filter>
    </Image>
    <Image Include="..\Resources\menu\play-1.png">
      <Filter>resource\menu</Filter>
    </Image>
    <Image Include="..\Resources\menu\quit-0.png">
      <Filter>resource\menu</Filter>
    </Image>
    <Image Include="..\Resources\menu\quit-1.png">
      <Filter>resource\menu</Filter>
    </Image>
    <Image Include="..\Resources\menu\help-0.png">
      <Filter>resource\menu</Filter>
    </Image>
    <Image Include="..\Resources\menu\help-1.png">
      <Filter>resource\menu</Filter>
    </Image>
  </ItemGroup>
</Project>